
Microsoft Visual Studio Solution File, Format Version 12.00
# Visual Studio Version 16
VisualStudioVersion = 16.0.30517.126
MinimumVisualStudioVersion = 10.0.40219.1
Project("{FAE04EC0-301F-11D3-BF4B-00C04F79EFBC}") = "FriendViewer", "FriendViewer.csproj", "{F6BF1900-BB22-4EA2-B7FC-8CF2D07DE353}"
EndProject
Global
	GlobalSection(SolutionConfigurationPlatforms) = preSolution
		Debug|Any CPU = Debug|Any CPU
		Release|Any CPU = Release|Any CPU
	EndGlobalSection
	GlobalSection(ProjectConfigurationPlatforms) = postSolution
		{F6BF1900-BB22-4EA2-B7FC-8CF2D07DE353}.Debug|Any CPU.ActiveCfg = Debug|Any CPU
		{F6BF1900-BB22-4EA2-B7FC-8CF2D07DE353}.Debug|Any CPU.Build.0 = Debug|Any CPU
		{F6BF1900-BB22-4EA2-B7FC-8CF2D07DE353}.Release|Any CPU.ActiveCfg = Release|Any CPU
		{F6BF1900-BB22-4EA2-B7FC-8CF2D07DE353}.Release|Any CPU.Build.0 = Release|Any CPU
	EndGlobalSection
	GlobalSection(SolutionProperties) = preSolution
		HideSolutionNode = FALSE
	EndGlobalSection
	GlobalSection(ExtensibilityGlobals) = postSolution
		SolutionGuid = {83060C52-7BFC-4865-A74F-BA348F2056A3}
	EndGlobalSection
EndGlobal
